// !$*UTF8*$!
{
	archiveVersion = 1;
	classes = {
	};
	objectVersion = 51;
	objects = {

/* Begin PBXBuildFile section */
		0C64068125E9A02E0096C144 /* SuperheroDetailsViewController.swift in Sources */ = {isa = PBXBuildFile; fileRef = 0C64068025E9A02E0096C144 /* SuperheroDetailsViewController.swift */; };
		0C9DDF1225E9704900C53AE8 /* MovieDetailsViewController.swift in Sources */ = {isa = PBXBuildFile; fileRef = 0C9DDF1125E9704900C53AE8 /* MovieDetailsViewController.swift */; };
		0C9F981A25DB2FB80009D03C /* AppDelegate.swift in Sources */ = {isa = PBXBuildFile; fileRef = 0C9F981925DB2FB80009D03C /* AppDelegate.swift */; };
		0C9F981C25DB2FB80009D03C /* SceneDelegate.swift in Sources */ = {isa = PBXBuildFile; fileRef = 0C9F981B25DB2FB80009D03C /* SceneDelegate.swift */; };
		0C9F981E25DB2FB80009D03C /* ViewController.swift in Sources */ = {isa = PBXBuildFile; fileRef = 0C9F981D25DB2FB80009D03C /* ViewController.swift */; };
		0C9F982125DB2FB80009D03C /* Main.storyboard in Resources */ = {isa = PBXBuildFile; fileRef = 0C9F981F25DB2FB80009D03C /* Main.storyboard */; };
		0C9F982325DB2FBA0009D03C /* Assets.xcassets in Resources */ = {isa = PBXBuildFile; fileRef = 0C9F982225DB2FBA0009D03C /* Assets.xcassets */; };
		0C9F982625DB2FBA0009D03C /* LaunchScreen.storyboard in Resources */ = {isa = PBXBuildFile; fileRef = 0C9F982425DB2FBA0009D03C /* LaunchScreen.storyboard */; };
		0C9F982F25DB32890009D03C /* HomeViewController.swift in Sources */ = {isa = PBXBuildFile; fileRef = 0C9F982E25DB32890009D03C /* HomeViewController.swift */; };
		0C9F983225DB37A70009D03C /* MovieCell.swift in Sources */ = {isa = PBXBuildFile; fileRef = 0C9F983125DB37A70009D03C /* MovieCell.swift */; };
		0CFB54BC25E980E600D520A0 /* MovieGridViewController.swift in Sources */ = {isa = PBXBuildFile; fileRef = 0CFB54BB25E980E600D520A0 /* MovieGridViewController.swift */; };
		0CFB54BF25E9853700D520A0 /* MovieGridCell.swift in Sources */ = {isa = PBXBuildFile; fileRef = 0CFB54BE25E9853700D520A0 /* MovieGridCell.swift */; };
		A071599F0748369D26AE3B09 /* Pods_flixter.framework in Frameworks */ = {isa = PBXBuildFile; fileRef = 9AFDA136DF3157508A7BCD0D /* Pods_flixter.framework */; };
/* End PBXBuildFile section */

/* Begin PBXFileReference section */
		0C64068025E9A02E0096C144 /* SuperheroDetailsViewController.swift */ = {isa = PBXFileReference; fileEncoding = 4; lastKnownFileType = sourcecode.swift; path = SuperheroDetailsViewController.swift; sourceTree = "<group>"; };
		0C9DDF1125E9704900C53AE8 /* MovieDetailsViewController.swift */ = {isa = PBXFileReference; lastKnownFileType = sourcecode.swift; path = MovieDetailsViewController.swift; sourceTree = "<group>"; };
		0C9F981625DB2FB80009D03C /* flixter.app */ = {isa = PBXFileReference; explicitFileType = wrapper.application; includeInIndex = 0; path = flixter.app; sourceTree = BUILT_PRODUCTS_DIR; };
		0C9F981925DB2FB80009D03C /* AppDelegate.swift */ = {isa = PBXFileReference; lastKnownFileType = sourcecode.swift; path = AppDelegate.swift; sourceTree = "<group>"; };
		0C9F981B25DB2FB80009D03C /* SceneDelegate.swift */ = {isa = PBXFileReference; lastKnownFileType = sourcecode.swift; path = SceneDelegate.swift; sourceTree = "<group>"; };
		0C9F981D25DB2FB80009D03C /* ViewController.swift */ = {isa = PBXFileReference; lastKnownFileType = sourcecode.swift; path = ViewController.swift; sourceTree = "<group>"; };
		0C9F982025DB2FB80009D03C /* Base */ = {isa = PBXFileReference; lastKnownFileType = file.storyboard; name = Base; path = Base.lproj/Main.storyboard; sourceTree = "<group>"; };
		0C9F982225DB2FBA0009D03C /* Assets.xcassets */ = {isa = PBXFileReference; lastKnownFileType = folder.assetcatalog; path = Assets.xcassets; sourceTree = "<group>"; };
		0C9F982525DB2FBA0009D03C /* Base */ = {isa = PBXFileReference; lastKnownFileType = file.storyboard; name = Base; path = Base.lproj/LaunchScreen.storyboard; sourceTree = "<group>"; };
		0C9F982725DB2FBA0009D03C /* Info.plist */ = {isa = PBXFileReference; lastKnownFileType = text.plist.xml; path = Info.plist; sourceTree = "<group>"; };
		0C9F982E25DB32890009D03C /* HomeViewController.swift */ = {isa = PBXFileReference; lastKnownFileType = sourcecode.swift; path = HomeViewController.swift; sourceTree = "<group>"; };
		0C9F983125DB37A70009D03C /* MovieCell.swift */ = {isa = PBXFileReference; lastKnownFileType = sourcecode.swift; path = MovieCell.swift; sourceTree = "<group>"; };
		0CFB54BB25E980E600D520A0 /* MovieGridViewController.swift */ = {isa = PBXFileReference; lastKnownFileType = sourcecode.swift; path = MovieGridViewController.swift; sourceTree = "<group>"; };
		0CFB54BE25E9853700D520A0 /* MovieGridCell.swift */ = {isa = PBXFileReference; lastKnownFileType = sourcecode.swift; path = MovieGridCell.swift; sourceTree = "<group>"; };
		9AFDA136DF3157508A7BCD0D /* Pods_flixter.framework */ = {isa = PBXFileReference; explicitFileType = wrapper.framework; includeInIndex = 0; path = Pods_flixter.framework; sourceTree = BUILT_PRODUCTS_DIR; };
		D100E0CEBB9510EE34D7C8DC /* Pods-flixter.debug.xcconfig */ = {isa = PBXFileReference; includeInIndex = 1; lastKnownFileType = text.xcconfig; name = "Pods-flixter.debug.xcconfig"; path = "Target Support Files/Pods-flixter/Pods-flixter.debug.xcconfig"; sourceTree = "<group>"; };
		EB4C4C6948F895C5FC1FF854 /* Pods-flixter.release.xcconfig */ = {isa = PBXFileReference; includeInIndex = 1; lastKnownFileType = text.xcconfig; name = "Pods-flixter.release.xcconfig"; path = "Target Support Files/Pods-flixter/Pods-flixter.release.xcconfig"; sourceTree = "<group>"; };
/* End PBXFileReference section */

/* Begin PBXFrameworksBuildPhase section */
		0C9F981325DB2FB80009D03C /* Frameworks */ = {
			isa = PBXFrameworksBuildPhase;
			buildActionMask = 2147483647;
			files = (
				A071599F0748369D26AE3B09 /* Pods_flixter.framework in Frameworks */,
			);
			runOnlyForDeploymentPostprocessing = 0;
		};
/* End PBXFrameworksBuildPhase section */

/* Begin PBXGroup section */
		0C9F980D25DB2FB80009D03C = {
			isa = PBXGroup;
			children = (
				0C9F981825DB2FB80009D03C /* flixter */,
				0C9F981725DB2FB80009D03C /* Products */,
				5D1E72182FC9DCCAB610208E /* Pods */,
				5A005E407DD6DF9E8FBC33EF /* Frameworks */,
			);
			sourceTree = "<group>";
		};
		0C9F981725DB2FB80009D03C /* Products */ = {
			isa = PBXGroup;
			children = (
				0C9F981625DB2FB80009D03C /* flixter.app */,
			);
			name = Products;
			sourceTree = "<group>";
		};
		0C9F981825DB2FB80009D03C /* flixter */ = {
			isa = PBXGroup;
			children = (
				0C9F981925DB2FB80009D03C /* AppDelegate.swift */,
				0C9F981B25DB2FB80009D03C /* SceneDelegate.swift */,
				0C9F981D25DB2FB80009D03C /* ViewController.swift */,
				0C9F981F25DB2FB80009D03C /* Main.storyboard */,
				0C9F982225DB2FBA0009D03C /* Assets.xcassets */,
				0C9F982425DB2FBA0009D03C /* LaunchScreen.storyboard */,
				0C9F982725DB2FBA0009D03C /* Info.plist */,
				0C9F982E25DB32890009D03C /* HomeViewController.swift */,
				0C9F983125DB37A70009D03C /* MovieCell.swift */,
				0C9DDF1125E9704900C53AE8 /* MovieDetailsViewController.swift */,
				0CFB54BB25E980E600D520A0 /* MovieGridViewController.swift */,
				0CFB54BE25E9853700D520A0 /* MovieGridCell.swift */,
				0C64068025E9A02E0096C144 /* SuperheroDetailsViewController.swift */,
			);
			path = flixter;
			sourceTree = "<group>";
		};
		5A005E407DD6DF9E8FBC33EF /* Frameworks */ = {
			isa = PBXGroup;
			children = (
				9AFDA136DF3157508A7BCD0D /* Pods_flixter.framework */,
			);
			name = Frameworks;
			sourceTree = "<group>";
		};
		5D1E72182FC9DCCAB610208E /* Pods */ = {
			isa = PBXGroup;
			children = (
				D100E0CEBB9510EE34D7C8DC /* Pods-flixter.debug.xcconfig */,
				EB4C4C6948F895C5FC1FF854 /* Pods-flixter.release.xcconfig */,
			);
			path = Pods;
			sourceTree = "<group>";
		};
/* End PBXGroup section */

/* Begin PBXNativeTarget section */
		0C9F981525DB2FB80009D03C /* flixter */ = {
			isa = PBXNativeTarget;
			buildConfigurationList = 0C9F982A25DB2FBA0009D03C /* Build configuration list for PBXNativeTarget "flixter" */;
			buildPhases = (
				5CE4442E25669552F04111BB /* [CP] Check Pods Manifest.lock */,
				0C9F981225DB2FB80009D03C /* Sources */,
				0C9F981325DB2FB80009D03C /* Frameworks */,
				0C9F981425DB2FB80009D03C /* Resources */,
				CB948F042587F46AC9058B76 /* [CP] Embed Pods Frameworks */,
			);
			buildRules = (
			);
			dependencies = (
			);
			name = flixter;
			productName = flixter;
			productReference = 0C9F981625DB2FB80009D03C /* flixter.app */;
			productType = "com.apple.product-type.application";
		};
/* End PBXNativeTarget section */

/* Begin PBXProject section */
		0C9F980E25DB2FB80009D03C /* Project object */ = {
			isa = PBXProject;
			attributes = {
				LastSwiftUpdateCheck = 1240;
				LastUpgradeCheck = 1240;
				TargetAttributes = {
					0C9F981525DB2FB80009D03C = {
						CreatedOnToolsVersion = 12.4;
					};
				};
			};
			buildConfigurationList = 0C9F981125DB2FB80009D03C /* Build configuration list for PBXProject "flixter" */;
			compatibilityVersion = "Xcode 9.3";
			developmentRegion = en;
			hasScannedForEncodings = 0;
			knownRegions = (
				en,
				Base,
			);
			mainGroup = 0C9F980D25DB2FB80009D03C;
			productRefGroup = 0C9F981725DB2FB80009D03C /* Products */;
			projectDirPath = "";
			projectRoot = "";
			targets = (
				0C9F981525DB2FB80009D03C /* flixter */,
			);
		};
/* End PBXProject section */

/* Begin PBXResourcesBuildPhase section */
		0C9F981425DB2FB80009D03C /* Resources */ = {
			isa = PBXResourcesBuildPhase;
			buildActionMask = 2147483647;
			files = (
				0C9F982625DB2FBA0009D03C /* LaunchScreen.storyboard in Resources */,
				0C9F982325DB2FBA0009D03C /* Assets.xcassets in Resources */,
				0C9F982125DB2FB80009D03C /* Main.storyboard in Resources */,
			);
			runOnlyForDeploymentPostprocessing = 0;
		};
/* End PBXResourcesBuildPhase section */

/* Begin PBXShellScriptBuildPhase section */
		5CE4442E25669552F04111BB /* [CP] Check Pods Manifest.lock */ = {
			isa = PBXShellScriptBuildPhase;
			buildActionMask = 2147483647;
			files = (
			);
			inputFileListPaths = (
			);
			inputPaths = (
				"${PODS_PODFILE_DIR_PATH}/Podfile.lock",
				"${PODS_ROOT}/Manifest.lock",
			);
			name = "[CP] Check Pods Manifest.lock";
			outputFileListPaths = (
			);
			outputPaths = (
				"$(DERIVED_FILE_DIR)/Pods-flixter-checkManifestLockResult.txt",
			);
			runOnlyForDeploymentPostprocessing = 0;
			shellPath = /bin/sh;
			shellScript = "diff \"${PODS_PODFILE_DIR_PATH}/Podfile.lock\" \"${PODS_ROOT}/Manifest.lock\" > /dev/null\nif [ $? != 0 ] ; then\n    # print error to STDERR\n    echo \"error: The sandbox is not in sync with the Podfile.lock. Run 'pod install' or update your CocoaPods installation.\" >&2\n    exit 1\nfi\n# This output is used by Xcode 'outputs' to avoid re-running this script phase.\necho \"SUCCESS\" > \"${SCRIPT_OUTPUT_FILE_0}\"\n";
			showEnvVarsInLog = 0;
		};
		CB948F042587F46AC9058B76 /* [CP] Embed Pods Frameworks */ = {
			isa = PBXShellScriptBuildPhase;
			buildActionMask = 2147483647;
			files = (
			);
			inputFileListPaths = (
				"${PODS_ROOT}/Target Support Files/Pods-flixter/Pods-flixter-frameworks-${CONFIGURATION}-input-files.xcfilelist",
			);
			name = "[CP] Embed Pods Frameworks";
			outputFileListPaths = (
				"${PODS_ROOT}/Target Support Files/Pods-flixter/Pods-flixter-frameworks-${CONFIGURATION}-output-files.xcfilelist",
			);
			runOnlyForDeploymentPostprocessing = 0;
			shellPath = /bin/sh;
			shellScript = "\"${PODS_ROOT}/Target Support Files/Pods-flixter/Pods-flixter-frameworks.sh\"\n";
			showEnvVarsInLog = 0;
		};
/* End PBXShellScriptBuildPhase section */

/* Begin PBXSourcesBuildPhase section */
		0C9F981225DB2FB80009D03C /* Sources */ = {
			isa = PBXSourcesBuildPhase;
			buildActionMask = 2147483647;
			files = (
				0C9F983225DB37A70009D03C /* MovieCell.swift in Sources */,
				0C9F981E25DB2FB80009D03C /* ViewController.swift in Sources */,
				0C9DDF1225E9704900C53AE8 /* MovieDetailsViewController.swift in Sources */,
				0C64068125E9A02E0096C144 /* SuperheroDetailsViewController.swift in Sources */,
				0CFB54BC25E980E600D520A0 /* MovieGridViewController.swift in Sources */,
				0CFB54BF25E9853700D520A0 /* MovieGridCell.swift in Sources */,
				0C9F981A25DB2FB80009D03C /* AppDelegate.swift in Sources */,
				0C9F981C25DB2FB80009D03C /* SceneDelegate.swift in Sources */,
				0C9F982F25DB32890009D03C /* HomeViewController.swift in Sources */,
			);
			runOnlyForDeploymentPostprocessing = 0;
		};
/* End PBXSourcesBuildPhase section */

/* Begin PBXVariantGroup section */
		0C9F981F25DB2FB80009D03C /* Main.storyboard */ = {
			isa = PBXVariantGroup;
			children = (
				0C9F982025DB2FB80009D03C /* Base */,
			);
			name = Main.storyboard;
			sourceTree = "<group>";
		};
		0C9F982425DB2FBA0009D03C /* LaunchScreen.storyboard */ = {
			isa = PBXVariantGroup;
			children = (
				0C9F982525DB2FBA0009D03C /* Base */,
			);
			name = LaunchScreen.storyboard;
			sourceTree = "<group>";
		};
/* End PBXVariantGroup section */

/* Begin XCBuildConfiguration section */
		0C9F982825DB2FBA0009D03C /* Debug */ = {
			isa = XCBuildConfiguration;
			buildSettings = {
				ALWAYS_SEARCH_USER_PATHS = NO;
				CLANG_ANALYZER_NONNULL = YES;
				CLANG_ANALYZER_NUMBER_OBJECT_CONVERSION = YES_AGGRESSIVE;
				CLANG_CXX_LANGUAGE_STANDARD = "gnu++14";
				CLANG_CXX_LIBRARY = "libc++";
				CLANG_ENABLE_MODULES = YES;
				CLANG_ENABLE_OBJC_ARC = YES;
				CLANG_ENABLE_OBJC_WEAK = YES;
				CLANG_WARN_BLOCK_CAPTURE_AUTORELEASING = YES;
				CLANG_WARN_BOOL_CONVERSION = YES;
				CLANG_WARN_COMMA = YES;
				CLANG_WARN_CONSTANT_CONVERSION = YES;
				CLANG_WARN_DEPRECATED_OBJC_IMPLEMENTATIONS = YES;
				CLANG_WARN_DIRECT_OBJC_ISA_USAGE = YES_ERROR;
				CLANG_WARN_DOCUMENTATION_COMMENTS = YES;
				CLANG_WARN_EMPTY_BODY = YES;
				CLANG_WARN_ENUM_CONVERSION = YES;
				CLANG_WARN_INFINITE_RECURSION = YES;
				CLANG_WARN_INT_CONVERSION = YES;
				CLANG_WARN_NON_LITERAL_NULL_CONVERSION = YES;
				CLANG_WARN_OBJC_IMPLICIT_RETAIN_SELF = YES;
				CLANG_WARN_OBJC_LITERAL_CONVERSION = YES;
				CLANG_WARN_OBJC_ROOT_CLASS = YES_ERROR;
				CLANG_WARN_QUOTED_INCLUDE_IN_FRAMEWORK_HEADER = YES;
				CLANG_WARN_RANGE_LOOP_ANALYSIS = YES;
				CLANG_WARN_STRICT_PROTOTYPES = YES;
				CLANG_WARN_SUSPICIOUS_MOVE = YES;
				CLANG_WARN_UNGUARDED_AVAILABILITY = YES_AGGRESSIVE;
				CLANG_WARN_UNREACHABLE_CODE = YES;
				CLANG_WARN__DUPLICATE_METHOD_MATCH = YES;
				COPY_PHASE_STRIP = NO;
				DEBUG_INFORMATION_FORMAT = dwarf;
				ENABLE_STRICT_OBJC_MSGSEND = YES;
				ENABLE_TESTABILITY = YES;
				GCC_C_LANGUAGE_STANDARD = gnu11;
				GCC_DYNAMIC_NO_PIC = NO;
				GCC_NO_COMMON_BLOCKS = YES;
				GCC_OPTIMIZATION_LEVEL = 0;
				GCC_PREPROCESSOR_DEFINITIONS = (
					"DEBUG=1",
					"$(inherited)",
				);
				GCC_WARN_64_TO_32_BIT_CONVERSION = YES;
				GCC_WARN_ABOUT_RETURN_TYPE = YES_ERROR;
				GCC_WARN_UNDECLARED_SELECTOR = YES;
				GCC_WARN_UNINITIALIZED_AUTOS = YES_AGGRESSIVE;
				GCC_WARN_UNUSED_FUNCTION = YES;
				GCC_WARN_UNUSED_VARIABLE = YES;
				IPHONEOS_DEPLOYMENT_TARGET = 14.4;
				MTL_ENABLE_DEBUG_INFO = INCLUDE_SOURCE;
				MTL_FAST_MATH = YES;
				ONLY_ACTIVE_ARCH = YES;
				SDKROOT = iphoneos;
				SWIFT_ACTIVE_COMPILATION_CONDITIONS = DEBUG;
				SWIFT_OPTIMIZATION_LEVEL = "-Onone";
			};
			name = Debug;
		};
		0C9F982925DB2FBA0009D03C /* Release */ = {
			isa = XCBuildConfiguration;
			buildSettings = {
				ALWAYS_SEARCH_USER_PATHS = NO;
				CLANG_ANALYZER_NONNULL = YES;
				CLANG_ANALYZER_NUMBER_OBJECT_CONVERSION = YES_AGGRESSIVE;
				CLANG_CXX_LANGUAGE_STANDARD = "gnu++14";
				CLANG_CXX_LIBRARY = "libc++";
				CLANG_ENABLE_MODULES = YES;
				CLANG_ENABLE_OBJC_ARC = YES;
				CLANG_ENABLE_OBJC_WEAK = YES;
				CLANG_WARN_BLOCK_CAPTURE_AUTORELEASING = YES;
				CLANG_WARN_BOOL_CONVERSION = YES;
				CLANG_WARN_COMMA = YES;
				CLANG_WARN_CONSTANT_CONVERSION = YES;
				CLANG_WARN_DEPRECATED_OBJC_IMPLEMENTATIONS = YES;
				CLANG_WARN_DIRECT_OBJC_ISA_USAGE = YES_ERROR;
				CLANG_WARN_DOCUMENTATION_COMMENTS = YES;
				CLANG_WARN_EMPTY_BODY = YES;
				CLANG_WARN_ENUM_CONVERSION = YES;
				CLANG_WARN_INFINITE_RECURSION = YES;
				CLANG_WARN_INT_CONVERSION = YES;
				CLANG_WARN_NON_LITERAL_NULL_CONVERSION = YES;
				CLANG_WARN_OBJC_IMPLICIT_RETAIN_SELF = YES;
				CLANG_WARN_OBJC_LITERAL_CONVERSION = YES;
				CLANG_WARN_OBJC_ROOT_CLASS = YES_ERROR;
				CLANG_WARN_QUOTED_INCLUDE_IN_FRAMEWORK_HEADER = YES;
				CLANG_WARN_RANGE_LOOP_ANALYSIS = YES;
				CLANG_WARN_STRICT_PROTOTYPES = YES;
				CLANG_WARN_SUSPICIOUS_MOVE = YES;
				CLANG_WARN_UNGUARDED_AVAILABILITY = YES_AGGRESSIVE;
				CLANG_WARN_UNREACHABLE_CODE = YES;
				CLANG_WARN__DUPLICATE_METHOD_MATCH = YES;
				COPY_PHASE_STRIP = NO;
				DEBUG_INFORMATION_FORMAT = "dwarf-with-dsym";
				ENABLE_NS_ASSERTIONS = NO;
				ENABLE_STRICT_OBJC_MSGSEND = YES;
				GCC_C_LANGUAGE_STANDARD = gnu11;
				GCC_NO_COMMON_BLOCKS = YES;
				GCC_WARN_64_TO_32_BIT_CONVERSION = YES;
				GCC_WARN_ABOUT_RETURN_TYPE = YES_ERROR;
				GCC_WARN_UNDECLARED_SELECTOR = YES;
				GCC_WARN_UNINITIALIZED_AUTOS = YES_AGGRESSIVE;
				GCC_WARN_UNUSED_FUNCTION = YES;
				GCC_WARN_UNUSED_VARIABLE = YES;
				IPHONEOS_DEPLOYMENT_TARGET = 14.4;
				MTL_ENABLE_DEBUG_INFO = NO;
				MTL_FAST_MATH = YES;
				SDKROOT = iphoneos;
				SWIFT_COMPILATION_MODE = wholemodule;
				SWIFT_OPTIMIZATION_LEVEL = "-O";
				VALIDATE_PRODUCT = YES;
			};
			name = Release;
		};
		0C9F982B25DB2FBA0009D03C /* Debug */ = {
			isa = XCBuildConfiguration;
			baseConfigurationReference = D100E0CEBB9510EE34D7C8DC /* Pods-flixter.debug.xcconfig */;
			buildSettings = {
				ASSETCATALOG_COMPILER_APPICON_NAME = AppIcon;
				ASSETCATALOG_COMPILER_GLOBAL_ACCENT_COLOR_NAME = AccentColor;
				CODE_SIGN_STYLE = Automatic;
				DEVELOPMENT_TEAM = 3FM8MW583N;
				INFOPLIST_FILE = flixter/Info.plist;
				LD_RUNPATH_SEARCH_PATHS = (
					"$(inherited)",
					"@executable_path/Frameworks",
				);
				PRODUCT_BUNDLE_IDENTIFIER = com.srp.flixter;
				PRODUCT_NAME = "$(TARGET_NAME)";
				SWIFT_VERSION = 5.0;
				TARGETED_DEVICE_FAMILY = "1,2";
			};
			name = Debug;
		};
		0C9F982C25DB2FBA0009D03C /* Release */ = {
			isa = XCBuildConfiguration;
			baseConfigurationReference = EB4C4C6948F895C5FC1FF854 /* Pods-flixter.release.xcconfig */;
			buildSettings = {
				ASSETCATALOG_COMPILER_APPICON_NAME = AppIcon;
				ASSETCATALOG_COMPILER_GLOBAL_ACCENT_COLOR_NAME = AccentColor;
				CODE_SIGN_STYLE = Automatic;
				DEVELOPMENT_TEAM = 3FM8MW583N;
				INFOPLIST_FILE = flixter/Info.plist;
				LD_RUNPATH_SEARCH_PATHS = (
					"$(inherited)",
					"@executable_path/Frameworks",
				);
				PRODUCT_BUNDLE_IDENTIFIER = com.srp.flixter;
				PRODUCT_NAME = "$(TARGET_NAME)";
				SWIFT_VERSION = 5.0;
				TARGETED_DEVICE_FAMILY = "1,2";
			};
			name = Release;
		};
/* End XCBuildConfiguration section */

/* Begin XCConfigurationList section */
		0C9F981125DB2FB80009D03C /* Build configuration list for PBXProject "flixter" */ = {
			isa = XCConfigurationList;
			buildConfigurations = (
				0C9F982825DB2FBA0009D03C /* Debug */,
				0C9F982925DB2FBA0009D03C /* Release */,
			);
			defaultConfigurationIsVisible = 0;
			defaultConfigurationName = Release;
		};
		0C9F982A25DB2FBA0009D03C /* Build configuration list for PBXNativeTarget "flixter" */ = {
			isa = XCConfigurationList;
			buildConfigurations = (
				0C9F982B25DB2FBA0009D03C /* Debug */,
				0C9F982C25DB2FBA0009D03C /* Release */,
			);
			defaultConfigurationIsVisible = 0;
			defaultConfigurationName = Release;
		};
/* End XCConfigurationList section */
	};
	rootObject = 0C9F980E25DB2FB80009D03C /* Project object */;
}
